
Microsoft Visual Studio Solution File, Format Version 12.00
# Visual Studio Version 16
VisualStudioVersion = 16.0.30011.22
MinimumVisualStudioVersion = 10.0.40219.1
Project("{FAE04EC0-301F-11D3-BF4B-00C04F79EFBC}") = "DemoWebApp", "DemoWebApp\DemoWebApp.csproj", "{C11DBC1F-26E0-4876-9850-377AE133197F}"
EndProject
Global
	GlobalSection(SolutionConfigurationPlatforms) = preSolution
		Debug|Any CPU = Debug|Any CPU
		Release|Any CPU = Release|Any CPU
	EndGlobalSection
	GlobalSection(ProjectConfigurationPlatforms) = postSolution
		{C11DBC1F-26E0-4876-9850-377AE133197F}.Debug|Any CPU.ActiveCfg = Debug|Any CPU
		{C11DBC1F-26E0-4876-9850-377AE133197F}.Debug|Any CPU.Build.0 = Debug|Any CPU
		{C11DBC1F-26E0-4876-9850-377AE133197F}.Release|Any CPU.ActiveCfg = Release|Any CPU
		{C11DBC1F-26E0-4876-9850-377AE133197F}.Release|Any CPU.Build.0 = Release|Any CPU
	EndGlobalSection
	GlobalSection(SolutionProperties) = preSolution
		HideSolutionNode = FALSE
	EndGlobalSection
	GlobalSection(ExtensibilityGlobals) = postSolution
		SolutionGuid = {DEC7B5B9-B129-4B13-9940-F55174C20ECE}
	EndGlobalSection
EndGlobal
